
Microsoft Visual Studio Solution File, Format Version 12.00
# Visual Studio 15
VisualStudioVersion = 15.0.26124.0
MinimumVisualStudioVersion = 15.0.26124.0
Project("{2150E333-8FDC-42A3-9474-1A3956D46DE8}") = "src", "src", "{32833DB6-E789-4281-B66F-4AEDE594AE53}"
EndProject
Project("{FAE04EC0-301F-11D3-BF4B-00C04F79EFBC}") = "JavaScript.v8", "src\JavaScript.v8\JavaScript.v8.csproj", "{146B93A0-39A5-4C42-BF41-361B18856C38}"
EndProject
Project("{FAE04EC0-301F-11D3-BF4B-00C04F79EFBC}") = "JavaScript.v8.Test", "src\JavaScript.v8.Test\JavaScript.v8.Test.csproj", "{667237EC-BDD6-40C1-87A5-A92C04E5D0AD}"
EndProject
Global
	GlobalSection(SolutionConfigurationPlatforms) = preSolution
		Debug|Any CPU = Debug|Any CPU
		Debug|x64 = Debug|x64
		Debug|x86 = Debug|x86
		Release|Any CPU = Release|Any CPU
		Release|x64 = Release|x64
		Release|x86 = Release|x86
	EndGlobalSection
	GlobalSection(SolutionProperties) = preSolution
		HideSolutionNode = FALSE
	EndGlobalSection
	GlobalSection(ProjectConfigurationPlatforms) = postSolution
		{146B93A0-39A5-4C42-BF41-361B18856C38}.Debug|Any CPU.ActiveCfg = Debug|Any CPU
		{146B93A0-39A5-4C42-BF41-361B18856C38}.Debug|Any CPU.Build.0 = Debug|Any CPU
		{146B93A0-39A5-4C42-BF41-361B18856C38}.Debug|x64.ActiveCfg = Debug|Any CPU
		{146B93A0-39A5-4C42-BF41-361B18856C38}.Debug|x64.Build.0 = Debug|Any CPU
		{146B93A0-39A5-4C42-BF41-361B18856C38}.Debug|x86.ActiveCfg = Debug|Any CPU
		{146B93A0-39A5-4C42-BF41-361B18856C38}.Debug|x86.Build.0 = Debug|Any CPU
		{146B93A0-39A5-4C42-BF41-361B18856C38}.Release|Any CPU.ActiveCfg = Release|Any CPU
		{146B93A0-39A5-4C42-BF41-361B18856C38}.Release|Any CPU.Build.0 = Release|Any CPU
		{146B93A0-39A5-4C42-BF41-361B18856C38}.Release|x64.ActiveCfg = Release|Any CPU
		{146B93A0-39A5-4C42-BF41-361B18856C38}.Release|x64.Build.0 = Release|Any CPU
		{146B93A0-39A5-4C42-BF41-361B18856C38}.Release|x86.ActiveCfg = Release|Any CPU
		{146B93A0-39A5-4C42-BF41-361B18856C38}.Release|x86.Build.0 = Release|Any CPU
		{667237EC-BDD6-40C1-87A5-A92C04E5D0AD}.Debug|Any CPU.ActiveCfg = Debug|Any CPU
		{667237EC-BDD6-40C1-87A5-A92C04E5D0AD}.Debug|Any CPU.Build.0 = Debug|Any CPU
		{667237EC-BDD6-40C1-87A5-A92C04E5D0AD}.Debug|x64.ActiveCfg = Debug|Any CPU
		{667237EC-BDD6-40C1-87A5-A92C04E5D0AD}.Debug|x64.Build.0 = Debug|Any CPU
		{667237EC-BDD6-40C1-87A5-A92C04E5D0AD}.Debug|x86.ActiveCfg = Debug|Any CPU
		{667237EC-BDD6-40C1-87A5-A92C04E5D0AD}.Debug|x86.Build.0 = Debug|Any CPU
		{667237EC-BDD6-40C1-87A5-A92C04E5D0AD}.Release|Any CPU.ActiveCfg = Release|Any CPU
		{667237EC-BDD6-40C1-87A5-A92C04E5D0AD}.Release|Any CPU.Build.0 = Release|Any CPU
		{667237EC-BDD6-40C1-87A5-A92C04E5D0AD}.Release|x64.ActiveCfg = Release|Any CPU
		{667237EC-BDD6-40C1-87A5-A92C04E5D0AD}.Release|x64.Build.0 = Release|Any CPU
		{667237EC-BDD6-40C1-87A5-A92C04E5D0AD}.Release|x86.ActiveCfg = Release|Any CPU
		{667237EC-BDD6-40C1-87A5-A92C04E5D0AD}.Release|x86.Build.0 = Release|Any CPU
	EndGlobalSection
	GlobalSection(NestedProjects) = preSolution
		{146B93A0-39A5-4C42-BF41-361B18856C38} = {32833DB6-E789-4281-B66F-4AEDE594AE53}
		{667237EC-BDD6-40C1-87A5-A92C04E5D0AD} = {32833DB6-E789-4281-B66F-4AEDE594AE53}
	EndGlobalSection
EndGlobal
