
Microsoft Visual Studio Solution File, Format Version 12.00
# Visual Studio Version 16
VisualStudioVersion = 16.0.31613.86
MinimumVisualStudioVersion = 15.0.26124.0
Project("{9A19103F-16F7-4668-BE54-9A1E7A4F7556}") = "Microsoft.Docs.JavaScript", "Microsoft.Docs.JavaScript\Microsoft.Docs.JavaScript.csproj", "{D9A82702-6ED0-4FDD-BF16-FE2E680164B9}"
EndProject
Project("{9A19103F-16F7-4668-BE54-9A1E7A4F7556}") = "Microsoft.Docs.JavaScript.Test", "Microsoft.Docs.JavaScript.Test\Microsoft.Docs.JavaScript.Test.csproj", "{2576D8D1-97B9-41D4-9E36-555DDD0F7D25}"
EndProject
Global
	GlobalSection(SolutionConfigurationPlatforms) = preSolution
		Debug|Any CPU = Debug|Any CPU
		Release|Any CPU = Release|Any CPU
	EndGlobalSection
	GlobalSection(ProjectConfigurationPlatforms) = postSolution
		{D9A82702-6ED0-4FDD-BF16-FE2E680164B9}.Debug|Any CPU.ActiveCfg = Debug|Any CPU
		{D9A82702-6ED0-4FDD-BF16-FE2E680164B9}.Debug|Any CPU.Build.0 = Debug|Any CPU
		{D9A82702-6ED0-4FDD-BF16-FE2E680164B9}.Release|Any CPU.ActiveCfg = Release|Any CPU
		{D9A82702-6ED0-4FDD-BF16-FE2E680164B9}.Release|Any CPU.Build.0 = Release|Any CPU
		{2576D8D1-97B9-41D4-9E36-555DDD0F7D25}.Debug|Any CPU.ActiveCfg = Debug|Any CPU
		{2576D8D1-97B9-41D4-9E36-555DDD0F7D25}.Debug|Any CPU.Build.0 = Debug|Any CPU
		{2576D8D1-97B9-41D4-9E36-555DDD0F7D25}.Release|Any CPU.ActiveCfg = Release|Any CPU
		{2576D8D1-97B9-41D4-9E36-555DDD0F7D25}.Release|Any CPU.Build.0 = Release|Any CPU
	EndGlobalSection
	GlobalSection(SolutionProperties) = preSolution
		HideSolutionNode = FALSE
	EndGlobalSection
	GlobalSection(ExtensibilityGlobals) = postSolution
		SolutionGuid = {146BC584-3C21-4834-8C16-357CF72286CF}
	EndGlobalSection
EndGlobal
